
Microsoft Visual Studio Solution File, Format Version 12.00
# Visual Studio 15
VisualStudioVersion = 15.0.28307.421
MinimumVisualStudioVersion = 10.0.40219.1
Project("{FAE04EC0-301F-11D3-BF4B-00C04F79EFBC}") = "dockerunittests", "dockerunittests\dockerunittests.csproj", "{8EBEB859-5350-4DB1-BDEE-7B0B92B9BEAC}"
EndProject
Project("{FAE04EC0-301F-11D3-BF4B-00C04F79EFBC}") = "dockerunittests.dto", "dockerunittests.dto\dockerunittests.dto.csproj", "{DC75C199-0E3E-4106-92D4-EA36AFF480E1}"
EndProject
Project("{FAE04EC0-301F-11D3-BF4B-00C04F79EFBC}") = "dockerunittests.domain", "dockerunittests.domain\dockerunittests.domain.csproj", "{8D688289-5ABA-4387-8089-8A343A709738}"
EndProject
Project("{FAE04EC0-301F-11D3-BF4B-00C04F79EFBC}") = "dockerunittests.dataaccess", "dockerunittests.dataaccess\dockerunittests.dataaccess.csproj", "{118E9C97-AFEA-498C-8ACD-CF7DB50A0D98}"
EndProject
Project("{FAE04EC0-301F-11D3-BF4B-00C04F79EFBC}") = "dockerunittests.services", "dockerunittests.services\dockerunittests.services.csproj", "{71391498-A12C-49E9-A36A-7C60E5337D21}"
EndProject
Project("{FAE04EC0-301F-11D3-BF4B-00C04F79EFBC}") = "dockerunittests.unit.tests", "dockerunittests.unit.tests\dockerunittests.unit.tests.csproj", "{3CF9C557-474B-4E6B-A8FE-768011CE31AE}"
EndProject
Global
	GlobalSection(SolutionConfigurationPlatforms) = preSolution
		Debug|Any CPU = Debug|Any CPU
		Release|Any CPU = Release|Any CPU
	EndGlobalSection
	GlobalSection(ProjectConfigurationPlatforms) = postSolution
		{8EBEB859-5350-4DB1-BDEE-7B0B92B9BEAC}.Debug|Any CPU.ActiveCfg = Debug|Any CPU
		{8EBEB859-5350-4DB1-BDEE-7B0B92B9BEAC}.Debug|Any CPU.Build.0 = Debug|Any CPU
		{8EBEB859-5350-4DB1-BDEE-7B0B92B9BEAC}.Release|Any CPU.ActiveCfg = Release|Any CPU
		{8EBEB859-5350-4DB1-BDEE-7B0B92B9BEAC}.Release|Any CPU.Build.0 = Release|Any CPU
		{DC75C199-0E3E-4106-92D4-EA36AFF480E1}.Debug|Any CPU.ActiveCfg = Debug|Any CPU
		{DC75C199-0E3E-4106-92D4-EA36AFF480E1}.Debug|Any CPU.Build.0 = Debug|Any CPU
		{DC75C199-0E3E-4106-92D4-EA36AFF480E1}.Release|Any CPU.ActiveCfg = Release|Any CPU
		{DC75C199-0E3E-4106-92D4-EA36AFF480E1}.Release|Any CPU.Build.0 = Release|Any CPU
		{8D688289-5ABA-4387-8089-8A343A709738}.Debug|Any CPU.ActiveCfg = Debug|Any CPU
		{8D688289-5ABA-4387-8089-8A343A709738}.Debug|Any CPU.Build.0 = Debug|Any CPU
		{8D688289-5ABA-4387-8089-8A343A709738}.Release|Any CPU.ActiveCfg = Release|Any CPU
		{8D688289-5ABA-4387-8089-8A343A709738}.Release|Any CPU.Build.0 = Release|Any CPU
		{118E9C97-AFEA-498C-8ACD-CF7DB50A0D98}.Debug|Any CPU.ActiveCfg = Debug|Any CPU
		{118E9C97-AFEA-498C-8ACD-CF7DB50A0D98}.Debug|Any CPU.Build.0 = Debug|Any CPU
		{118E9C97-AFEA-498C-8ACD-CF7DB50A0D98}.Release|Any CPU.ActiveCfg = Release|Any CPU
		{118E9C97-AFEA-498C-8ACD-CF7DB50A0D98}.Release|Any CPU.Build.0 = Release|Any CPU
		{71391498-A12C-49E9-A36A-7C60E5337D21}.Debug|Any CPU.ActiveCfg = Debug|Any CPU
		{71391498-A12C-49E9-A36A-7C60E5337D21}.Debug|Any CPU.Build.0 = Debug|Any CPU
		{71391498-A12C-49E9-A36A-7C60E5337D21}.Release|Any CPU.ActiveCfg = Release|Any CPU
		{71391498-A12C-49E9-A36A-7C60E5337D21}.Release|Any CPU.Build.0 = Release|Any CPU
		{3CF9C557-474B-4E6B-A8FE-768011CE31AE}.Debug|Any CPU.ActiveCfg = Debug|Any CPU
		{3CF9C557-474B-4E6B-A8FE-768011CE31AE}.Debug|Any CPU.Build.0 = Debug|Any CPU
		{3CF9C557-474B-4E6B-A8FE-768011CE31AE}.Release|Any CPU.ActiveCfg = Release|Any CPU
		{3CF9C557-474B-4E6B-A8FE-768011CE31AE}.Release|Any CPU.Build.0 = Release|Any CPU
	EndGlobalSection
	GlobalSection(SolutionProperties) = preSolution
		HideSolutionNode = FALSE
	EndGlobalSection
	GlobalSection(ExtensibilityGlobals) = postSolution
		SolutionGuid = {4902EE36-98B0-4EB5-A2AF-A8EE894C5227}
	EndGlobalSection
EndGlobal
